{
  "name": "nodejs_validation",
  "version": "1.0.0",
  "lockfileVersion": 1,
  "requires": true,
  "dependencies": {
    "big.js": {
      "version": "5.2.2",
      "resolved": "https://registry.npmjs.org/big.js/-/big.js-5.2.2.tgz",
      "integrity": "sha512-vyL2OymJxmarO8gxMr0mhChsO9QGwhynfuu4+MHTAW6czfq9humCB7rKpUjDd9YUiDPU4mzpyupFSvOClAwbmQ=="
    },
    "slp-validate": {
      "version": "1.1.1",
      "resolved": "https://registry.npmjs.org/slp-validate/-/slp-validate-1.1.1.tgz",
      "integrity": "sha512-QQrOZi6OD5aERzk1XXilDOOFDkTBp+spMQdlNAKdAIxGd11AQS3AhsOMQOV6DwScqqQUZm63/URCZT4WONmiTg==",
      "requires": {
        "big.js": "5.2.2"
      }
    }
  }
}
